
Microsoft Visual Studio Solution File, Format Version 12.00
# Visual Studio Version 17
VisualStudioVersion = 17.8.34330.188
MinimumVisualStudioVersion = 10.0.40219.1
Project("{FAE04EC0-301F-11D3-BF4B-00C04F79EFBC}") = "Cursach", "Cursach\Cursach.csproj", "{249B34B3-2102-4832-892E-71C03C682F45}"
EndProject
Global
	GlobalSection(SolutionConfigurationPlatforms) = preSolution
		Debug|Any CPU = Debug|Any CPU
		Release|Any CPU = Release|Any CPU
	EndGlobalSection
	GlobalSection(ProjectConfigurationPlatforms) = postSolution
		{249B34B3-2102-4832-892E-71C03C682F45}.Debug|Any CPU.ActiveCfg = Debug|Any CPU
		{249B34B3-2102-4832-892E-71C03C682F45}.Debug|Any CPU.Build.0 = Debug|Any CPU
		{249B34B3-2102-4832-892E-71C03C682F45}.Release|Any CPU.ActiveCfg = Release|Any CPU
		{249B34B3-2102-4832-892E-71C03C682F45}.Release|Any CPU.Build.0 = Release|Any CPU
	EndGlobalSection
	GlobalSection(SolutionProperties) = preSolution
		HideSolutionNode = FALSE
	EndGlobalSection
	GlobalSection(ExtensibilityGlobals) = postSolution
		SolutionGuid = {08E9E52A-8351-4971-A1F9-11B3341A5092}
	EndGlobalSection
EndGlobal
